
Microsoft Visual Studio Solution File, Format Version 12.00
# Visual Studio 14
VisualStudioVersion = 14.0.22609.0
MinimumVisualStudioVersion = 10.0.40219.1
Project("{FAE04EC0-301F-11D3-BF4B-00C04F79EFBC}") = "Prism Parser", "Prism Parser\Prism Parser.csproj", "{0DB94E14-783B-4136-ADC5-B13F836A6DE6}"
EndProject
Project("{FAE04EC0-301F-11D3-BF4B-00C04F79EFBC}") = "Prism", "Prism\Prism.csproj", "{C05C18E8-9A33-43E2-ABCE-71610E8AB38F}"
EndProject
Global
	GlobalSection(SolutionConfigurationPlatforms) = preSolution
		Debug|Any CPU = Debug|Any CPU
		Release|Any CPU = Release|Any CPU
	EndGlobalSection
	GlobalSection(ProjectConfigurationPlatforms) = postSolution
		{0DB94E14-783B-4136-ADC5-B13F836A6DE6}.Debug|Any CPU.ActiveCfg = Debug|Any CPU
		{0DB94E14-783B-4136-ADC5-B13F836A6DE6}.Debug|Any CPU.Build.0 = Debug|Any CPU
		{0DB94E14-783B-4136-ADC5-B13F836A6DE6}.Release|Any CPU.ActiveCfg = Release|Any CPU
		{0DB94E14-783B-4136-ADC5-B13F836A6DE6}.Release|Any CPU.Build.0 = Release|Any CPU
		{C05C18E8-9A33-43E2-ABCE-71610E8AB38F}.Debug|Any CPU.ActiveCfg = Debug|Any CPU
		{C05C18E8-9A33-43E2-ABCE-71610E8AB38F}.Debug|Any CPU.Build.0 = Debug|Any CPU
		{C05C18E8-9A33-43E2-ABCE-71610E8AB38F}.Release|Any CPU.ActiveCfg = Release|Any CPU
		{C05C18E8-9A33-43E2-ABCE-71610E8AB38F}.Release|Any CPU.Build.0 = Release|Any CPU
	EndGlobalSection
	GlobalSection(SolutionProperties) = preSolution
		HideSolutionNode = FALSE
	EndGlobalSection
EndGlobal
